
Microsoft Visual Studio Solution File, Format Version 12.00
# Visual Studio Version 16
VisualStudioVersion = 16.0.31129.286
MinimumVisualStudioVersion = 10.0.40219.1
Project("{FAE04EC0-301F-11D3-BF4B-00C04F79EFBC}") = "RSA", "RSA\RSA.csproj", "{1808BEE9-49CB-4165-BF0A-4367AF93B05E}"
EndProject
Global
	GlobalSection(SolutionConfigurationPlatforms) = preSolution
		Debug|Any CPU = Debug|Any CPU
		Release|Any CPU = Release|Any CPU
	EndGlobalSection
	GlobalSection(ProjectConfigurationPlatforms) = postSolution
		{1808BEE9-49CB-4165-BF0A-4367AF93B05E}.Debug|Any CPU.ActiveCfg = Debug|Any CPU
		{1808BEE9-49CB-4165-BF0A-4367AF93B05E}.Debug|Any CPU.Build.0 = Debug|Any CPU
		{1808BEE9-49CB-4165-BF0A-4367AF93B05E}.Release|Any CPU.ActiveCfg = Release|Any CPU
		{1808BEE9-49CB-4165-BF0A-4367AF93B05E}.Release|Any CPU.Build.0 = Release|Any CPU
	EndGlobalSection
	GlobalSection(SolutionProperties) = preSolution
		HideSolutionNode = FALSE
	EndGlobalSection
	GlobalSection(ExtensibilityGlobals) = postSolution
		SolutionGuid = {0DCEA43D-CF71-420A-80CC-74FD4F16004A}
	EndGlobalSection
EndGlobal
